
Microsoft Visual Studio Solution File, Format Version 12.00
# Visual Studio Version 17
VisualStudioVersion = 17.14.36915.13 d17.14
MinimumVisualStudioVersion = 10.0.40219.1
Project("{FAE04EC0-301F-11D3-BF4B-00C04F79EFBC}") = "Tetris", "Tetris\Tetris.csproj", "{570F2741-F09E-4DB7-A259-F960A8572403}"
EndProject
Global
	GlobalSection(SolutionConfigurationPlatforms) = preSolution
		Debug|Any CPU = Debug|Any CPU
		Release|Any CPU = Release|Any CPU
	EndGlobalSection
	GlobalSection(ProjectConfigurationPlatforms) = postSolution
		{570F2741-F09E-4DB7-A259-F960A8572403}.Debug|Any CPU.ActiveCfg = Debug|Any CPU
		{570F2741-F09E-4DB7-A259-F960A8572403}.Debug|Any CPU.Build.0 = Debug|Any CPU
		{570F2741-F09E-4DB7-A259-F960A8572403}.Release|Any CPU.ActiveCfg = Release|Any CPU
		{570F2741-F09E-4DB7-A259-F960A8572403}.Release|Any CPU.Build.0 = Release|Any CPU
	EndGlobalSection
	GlobalSection(SolutionProperties) = preSolution
		HideSolutionNode = FALSE
	EndGlobalSection
	GlobalSection(ExtensibilityGlobals) = postSolution
		SolutionGuid = {0FD49D6E-F0C3-4EBF-8E3C-0C55534CCA80}
	EndGlobalSection
EndGlobal
